
Microsoft Visual Studio Solution File, Format Version 12.00
# Visual Studio 14
VisualStudioVersion = 14.0.25420.1
MinimumVisualStudioVersion = 10.0.40219.1
Project("{FAE04EC0-301F-11D3-BF4B-00C04F79EFBC}") = "OverwatchWebAPI", "OverwatchWebAPI\OverwatchWebAPI.csproj", "{9F30B488-B620-4627-8B8A-C9923DE9B812}"
EndProject
Project("{FAE04EC0-301F-11D3-BF4B-00C04F79EFBC}") = "OverwatchDataAccess", "OverwatchDataAccess\OverwatchDataAccess.csproj", "{40806268-25EE-4ABF-9480-B9577A0DBA7A}"
EndProject
Global
	GlobalSection(SolutionConfigurationPlatforms) = preSolution
		Debug|Any CPU = Debug|Any CPU
		Release|Any CPU = Release|Any CPU
	EndGlobalSection
	GlobalSection(ProjectConfigurationPlatforms) = postSolution
		{9F30B488-B620-4627-8B8A-C9923DE9B812}.Debug|Any CPU.ActiveCfg = Debug|Any CPU
		{9F30B488-B620-4627-8B8A-C9923DE9B812}.Debug|Any CPU.Build.0 = Debug|Any CPU
		{9F30B488-B620-4627-8B8A-C9923DE9B812}.Release|Any CPU.ActiveCfg = Release|Any CPU
		{9F30B488-B620-4627-8B8A-C9923DE9B812}.Release|Any CPU.Build.0 = Release|Any CPU
		{40806268-25EE-4ABF-9480-B9577A0DBA7A}.Debug|Any CPU.ActiveCfg = Debug|Any CPU
		{40806268-25EE-4ABF-9480-B9577A0DBA7A}.Debug|Any CPU.Build.0 = Debug|Any CPU
		{40806268-25EE-4ABF-9480-B9577A0DBA7A}.Release|Any CPU.ActiveCfg = Release|Any CPU
		{40806268-25EE-4ABF-9480-B9577A0DBA7A}.Release|Any CPU.Build.0 = Release|Any CPU
	EndGlobalSection
	GlobalSection(SolutionProperties) = preSolution
		HideSolutionNode = FALSE
	EndGlobalSection
EndGlobal
